// !$*UTF8*$!
{
	archiveVersion = 1;
	classes = {
	};
	objectVersion = 77;
	objects = {

/* Begin PBXBuildFile section */
		076749EC6A4CEF44A57CF541 /* Event.swift in Sources */ = {isa = PBXBuildFile; fileRef = 08AC0958AFEB2D1726B1E98E /* Event.swift */; };
		191F632656E8268931623591 /* MeetViewModel.swift in Sources */ = {isa = PBXBuildFile; fileRef = 11BDAC220147B221017483CE /* MeetViewModel.swift */; };
		23E08C1DE647BA0741F411E8 /* MeetView.swift in Sources */ = {isa = PBXBuildFile; fileRef = DA999C0F526182FE9E98B75F /* MeetView.swift */; };
		3466742DAFACAC860C5442A9 /* HomeViewModel.swift in Sources */ = {isa = PBXBuildFile; fileRef = 7565649CDCC6665C4B2420DD /* HomeViewModel.swift */; };
		36A5BDF7602ADAF6D5C05304 /* AthleteViewModel.swift in Sources */ = {isa = PBXBuildFile; fileRef = 1EAD4CBFEE602D1A85637675 /* AthleteViewModel.swift */; };
		4135C3BC86A8A659BE4E8986 /* Meet.swift in Sources */ = {isa = PBXBuildFile; fileRef = 075CEE5765C1BBB6771C6B3F /* Meet.swift */; };
		45B87F15B4904B506A7C0A16 /* AthenaApp.swift in Sources */ = {isa = PBXBuildFile; fileRef = AD0FD06AD037F1060ABDF998 /* AthenaApp.swift */; };
		532EAD04B5A2C83BA8E8125E /* ContentView.swift in Sources */ = {isa = PBXBuildFile; fileRef = 7D9521D3C0EA35CE5630148B /* ContentView.swift */; };
		73F1ABCB762914136318EDCF /* Result.swift in Sources */ = {isa = PBXBuildFile; fileRef = D9218D52898E9B554F2F0B9F /* Result.swift */; };
		77DFCD50FC47AB3C1B660E11 /* AthenaTheme.swift in Sources */ = {isa = PBXBuildFile; fileRef = 1B0EBB283BEBBFEAF666D8D5 /* AthenaTheme.swift */; };
		94FE7D0421C5571A7D0776BC /* APIService.swift in Sources */ = {isa = PBXBuildFile; fileRef = 09175B604E48F69880B276EE /* APIService.swift */; };
		A966CBF9FA5AB9F955941FA8 /* SettingsView.swift in Sources */ = {isa = PBXBuildFile; fileRef = D02F2D1C60FF1827AA6C6F3D /* SettingsView.swift */; };
		AD7DED9DCBBAD5D0F4636CDD /* AthleteView.swift in Sources */ = {isa = PBXBuildFile; fileRef = 829C007195882E8A6A5C477E /* AthleteView.swift */; };
		CEEE68456D1C6F305581B3D7 /* NotificationService.swift in Sources */ = {isa = PBXBuildFile; fileRef = 1F30370F96B2622E4810CBEE /* NotificationService.swift */; };
		DCC5467FD961F7ABE870A7F8 /* CompetitiveStoryline.swift in Sources */ = {isa = PBXBuildFile; fileRef = 1719EA975DEACDB672AB7AB6 /* CompetitiveStoryline.swift */; };
		DD4E1F5ABDE8336223E235E9 /* HomeView.swift in Sources */ = {isa = PBXBuildFile; fileRef = 5711ADC8220E5C4F3D241725 /* HomeView.swift */; };
		F4C610A3FE6311E6C72A28E8 /* Athlete.swift in Sources */ = {isa = PBXBuildFile; fileRef = 4011FBD7DF7EB8B80D5EB736 /* Athlete.swift */; };
/* End PBXBuildFile section */

/* Begin PBXFileReference section */
		075CEE5765C1BBB6771C6B3F /* Meet.swift */ = {isa = PBXFileReference; lastKnownFileType = sourcecode.swift; path = Meet.swift; sourceTree = "<group>"; };
		08AC0958AFEB2D1726B1E98E /* Event.swift */ = {isa = PBXFileReference; lastKnownFileType = sourcecode.swift; path = Event.swift; sourceTree = "<group>"; };
		09175B604E48F69880B276EE /* APIService.swift */ = {isa = PBXFileReference; lastKnownFileType = sourcecode.swift; path = APIService.swift; sourceTree = "<group>"; };
		09A13093DE28C6DCB72101DA /* package.xcworkspace */ = {isa = PBXFileReference; lastKnownFileType = wrapper.workspace; path = package.xcworkspace; sourceTree = "<group>"; };
		11BDAC220147B221017483CE /* MeetViewModel.swift */ = {isa = PBXFileReference; lastKnownFileType = sourcecode.swift; path = MeetViewModel.swift; sourceTree = "<group>"; };
		1719EA975DEACDB672AB7AB6 /* CompetitiveStoryline.swift */ = {isa = PBXFileReference; lastKnownFileType = sourcecode.swift; path = CompetitiveStoryline.swift; sourceTree = "<group>"; };
		1B0EBB283BEBBFEAF666D8D5 /* AthenaTheme.swift */ = {isa = PBXFileReference; lastKnownFileType = sourcecode.swift; path = AthenaTheme.swift; sourceTree = "<group>"; };
		1EAD4CBFEE602D1A85637675 /* AthleteViewModel.swift */ = {isa = PBXFileReference; lastKnownFileType = sourcecode.swift; path = AthleteViewModel.swift; sourceTree = "<group>"; };
		1F30370F96B2622E4810CBEE /* NotificationService.swift */ = {isa = PBXFileReference; lastKnownFileType = sourcecode.swift; path = NotificationService.swift; sourceTree = "<group>"; };
		4011FBD7DF7EB8B80D5EB736 /* Athlete.swift */ = {isa = PBXFileReference; lastKnownFileType = sourcecode.swift; path = Athlete.swift; sourceTree = "<group>"; };
		5711ADC8220E5C4F3D241725 /* HomeView.swift */ = {isa = PBXFileReference; lastKnownFileType = sourcecode.swift; path = HomeView.swift; sourceTree = "<group>"; };
		7278441B44BAC93DC745CC70 /* Athena.xcodeproj */ = {isa = PBXFileReference; lastKnownFileType = "wrapper.pb-project"; path = Athena.xcodeproj; sourceTree = "<group>"; };
		7565649CDCC6665C4B2420DD /* HomeViewModel.swift */ = {isa = PBXFileReference; lastKnownFileType = sourcecode.swift; path = HomeViewModel.swift; sourceTree = "<group>"; };
		7B45E110CAD9DF94FFDFF089 /* .swift-version */ = {isa = PBXFileReference; lastKnownFileType = text; path = ".swift-version"; sourceTree = "<group>"; };
		7D9521D3C0EA35CE5630148B /* ContentView.swift */ = {isa = PBXFileReference; lastKnownFileType = sourcecode.swift; path = ContentView.swift; sourceTree = "<group>"; };
		829C007195882E8A6A5C477E /* AthleteView.swift */ = {isa = PBXFileReference; lastKnownFileType = sourcecode.swift; path = AthleteView.swift; sourceTree = "<group>"; };
		91D7ED0BC255E51EBEAF560B /* Athena.app */ = {isa = PBXFileReference; explicitFileType = wrapper.application; includeInIndex = 0; path = Athena.app; sourceTree = BUILT_PRODUCTS_DIR; };
		AD0FD06AD037F1060ABDF998 /* AthenaApp.swift */ = {isa = PBXFileReference; lastKnownFileType = sourcecode.swift; path = AthenaApp.swift; sourceTree = "<group>"; };
		D02F2D1C60FF1827AA6C6F3D /* SettingsView.swift */ = {isa = PBXFileReference; lastKnownFileType = sourcecode.swift; path = SettingsView.swift; sourceTree = "<group>"; };
		D9218D52898E9B554F2F0B9F /* Result.swift */ = {isa = PBXFileReference; lastKnownFileType = sourcecode.swift; path = Result.swift; sourceTree = "<group>"; };
		DA999C0F526182FE9E98B75F /* MeetView.swift */ = {isa = PBXFileReference; lastKnownFileType = sourcecode.swift; path = MeetView.swift; sourceTree = "<group>"; };
		F031D78A4B6CBACF97492B53 /* xcschememanagement.plist */ = {isa = PBXFileReference; lastKnownFileType = text.plist; path = xcschememanagement.plist; sourceTree = "<group>"; };
/* End PBXFileReference section */

/* Begin PBXGroup section */
		253ED9B0E580A463D96394AC /* ViewModels */ = {
			isa = PBXGroup;
			children = (
				1EAD4CBFEE602D1A85637675 /* AthleteViewModel.swift */,
				7565649CDCC6665C4B2420DD /* HomeViewModel.swift */,
				11BDAC220147B221017483CE /* MeetViewModel.swift */,
			);
			path = ViewModels;
			sourceTree = "<group>";
		};
		40AA060B43477F3F456D2768 /* Products */ = {
			isa = PBXGroup;
			children = (
				91D7ED0BC255E51EBEAF560B /* Athena.app */,
			);
			name = Products;
			sourceTree = "<group>";
		};
		4425C3C49D7438746B84C756 /* xcode */ = {
			isa = PBXGroup;
			children = (
				09A13093DE28C6DCB72101DA /* package.xcworkspace */,
				F61FCAC9F05FDFADE2151E19 /* xcuserdata */,
			);
			path = xcode;
			sourceTree = "<group>";
		};
		700047AC4FECFBB2F7FF6F64 /* .swiftpm */ = {
			isa = PBXGroup;
			children = (
				4425C3C49D7438746B84C756 /* xcode */,
			);
			path = .swiftpm;
			sourceTree = "<group>";
		};
		7980A5319EEC56DCE339DC94 /* Views */ = {
			isa = PBXGroup;
			children = (
				829C007195882E8A6A5C477E /* AthleteView.swift */,
				7D9521D3C0EA35CE5630148B /* ContentView.swift */,
				5711ADC8220E5C4F3D241725 /* HomeView.swift */,
				DA999C0F526182FE9E98B75F /* MeetView.swift */,
				D02F2D1C60FF1827AA6C6F3D /* SettingsView.swift */,
			);
			path = Views;
			sourceTree = "<group>";
		};
		799AAE678A5FA50D73F52168 /* xcschemes */ = {
			isa = PBXGroup;
			children = (
				F031D78A4B6CBACF97492B53 /* xcschememanagement.plist */,
			);
			path = xcschemes;
			sourceTree = "<group>";
		};
		8398C1E08700C55114E0712B /* alexandramccoy.xcuserdatad */ = {
			isa = PBXGroup;
			children = (
				799AAE678A5FA50D73F52168 /* xcschemes */,
			);
			path = alexandramccoy.xcuserdatad;
			sourceTree = "<group>";
		};
		9BA1B49073190C6F50041F1F /* Services */ = {
			isa = PBXGroup;
			children = (
				09175B604E48F69880B276EE /* APIService.swift */,
				1F30370F96B2622E4810CBEE /* NotificationService.swift */,
			);
			path = Services;
			sourceTree = "<group>";
		};
		A97BA20A565225D3C2F4B170 /* Theme */ = {
			isa = PBXGroup;
			children = (
				1B0EBB283BEBBFEAF666D8D5 /* AthenaTheme.swift */,
			);
			path = Theme;
			sourceTree = "<group>";
		};
		B4ED8F113881074B43A76E4C = {
			isa = PBXGroup;
			children = (
				700047AC4FECFBB2F7FF6F64 /* .swiftpm */,
				E7BECCCDCA62A6579A0E6B14 /* Models */,
				9BA1B49073190C6F50041F1F /* Services */,
				A97BA20A565225D3C2F4B170 /* Theme */,
				BD0820DF95791CF36296BE65 /* trackctl */,
				253ED9B0E580A463D96394AC /* ViewModels */,
				7980A5319EEC56DCE339DC94 /* Views */,
				40AA060B43477F3F456D2768 /* Products */,
			);
			sourceTree = "<group>";
		};
		BD0820DF95791CF36296BE65 /* trackctl */ = {
			isa = PBXGroup;
			children = (
				7B45E110CAD9DF94FFDFF089 /* .swift-version */,
				7278441B44BAC93DC745CC70 /* Athena.xcodeproj */,
				AD0FD06AD037F1060ABDF998 /* AthenaApp.swift */,
			);
			name = trackctl;
			path = .;
			sourceTree = "<group>";
		};
		E7BECCCDCA62A6579A0E6B14 /* Models */ = {
			isa = PBXGroup;
			children = (
				4011FBD7DF7EB8B80D5EB736 /* Athlete.swift */,
				1719EA975DEACDB672AB7AB6 /* CompetitiveStoryline.swift */,
				08AC0958AFEB2D1726B1E98E /* Event.swift */,
				075CEE5765C1BBB6771C6B3F /* Meet.swift */,
				D9218D52898E9B554F2F0B9F /* Result.swift */,
			);
			path = Models;
			sourceTree = "<group>";
		};
		F0315C242FA26892000B1ADE /* Products */ = {
			isa = PBXGroup;
			name = Products;
			sourceTree = "<group>";
		};
		F61FCAC9F05FDFADE2151E19 /* xcuserdata */ = {
			isa = PBXGroup;
			children = (
				8398C1E08700C55114E0712B /* alexandramccoy.xcuserdatad */,
			);
			path = xcuserdata;
			sourceTree = "<group>";
		};
/* End PBXGroup section */

/* Begin PBXNativeTarget section */
		60C3EF706B4351866393AC3A /* Athena */ = {
			isa = PBXNativeTarget;
			buildConfigurationList = 770A8C04BC76E739933549DF /* Build configuration list for PBXNativeTarget "Athena" */;
			buildPhases = (
				AC56B3215DEFE9532D6930EC /* Sources */,
				F2EE7A61401CD0BC774729BF /* Resources */,
			);
			buildRules = (
			);
			dependencies = (
			);
			name = Athena;
			packageProductDependencies = (
			);
			productName = Athena;
			productReference = 91D7ED0BC255E51EBEAF560B /* Athena.app */;
			productType = "com.apple.product-type.application";
		};
/* End PBXNativeTarget section */

/* Begin PBXProject section */
		4A0D29D9C242B20A32775B53 /* Project object */ = {
			isa = PBXProject;
			attributes = {
				BuildIndependentTargetsInParallel = YES;
				LastUpgradeCheck = 2640;
			};
			buildConfigurationList = 3CCEC35698F62A6204634E73 /* Build configuration list for PBXProject "Athena" */;
			developmentRegion = en;
			hasScannedForEncodings = 0;
			knownRegions = (
				Base,
				en,
			);
			mainGroup = B4ED8F113881074B43A76E4C;
			minimizedProjectReferenceProxies = 1;
			preferredProjectObjectVersion = 77;
			productRefGroup = 40AA060B43477F3F456D2768 /* Products */;
			projectDirPath = "";
			projectReferences = (
				{
					ProductGroup = F0315C242FA26892000B1ADE /* Products */;
					ProjectRef = 7278441B44BAC93DC745CC70 /* Athena.xcodeproj */;
				},
			);
			projectRoot = "";
			targets = (
				60C3EF706B4351866393AC3A /* Athena */,
			);
		};
/* End PBXProject section */

/* Begin PBXResourcesBuildPhase section */
		F2EE7A61401CD0BC774729BF /* Resources */ = {
			isa = PBXResourcesBuildPhase;
			buildActionMask = 2147483647;
			files = (
			);
			runOnlyForDeploymentPostprocessing = 0;
		};
/* End PBXResourcesBuildPhase section */

/* Begin PBXSourcesBuildPhase section */
		AC56B3215DEFE9532D6930EC /* Sources */ = {
			isa = PBXSourcesBuildPhase;
			buildActionMask = 2147483647;
			files = (
				94FE7D0421C5571A7D0776BC /* APIService.swift in Sources */,
				45B87F15B4904B506A7C0A16 /* AthenaApp.swift in Sources */,
				77DFCD50FC47AB3C1B660E11 /* AthenaTheme.swift in Sources */,
				F4C610A3FE6311E6C72A28E8 /* Athlete.swift in Sources */,
				AD7DED9DCBBAD5D0F4636CDD /* AthleteView.swift in Sources */,
				36A5BDF7602ADAF6D5C05304 /* AthleteViewModel.swift in Sources */,
				DCC5467FD961F7ABE870A7F8 /* CompetitiveStoryline.swift in Sources */,
				532EAD04B5A2C83BA8E8125E /* ContentView.swift in Sources */,
				076749EC6A4CEF44A57CF541 /* Event.swift in Sources */,
				DD4E1F5ABDE8336223E235E9 /* HomeView.swift in Sources */,
				3466742DAFACAC860C5442A9 /* HomeViewModel.swift in Sources */,
				4135C3BC86A8A659BE4E8986 /* Meet.swift in Sources */,
				23E08C1DE647BA0741F411E8 /* MeetView.swift in Sources */,
				191F632656E8268931623591 /* MeetViewModel.swift in Sources */,
				CEEE68456D1C6F305581B3D7 /* NotificationService.swift in Sources */,
				73F1ABCB762914136318EDCF /* Result.swift in Sources */,
				A966CBF9FA5AB9F955941FA8 /* SettingsView.swift in Sources */,
			);
			runOnlyForDeploymentPostprocessing = 0;
		};
/* End PBXSourcesBuildPhase section */

/* Begin XCBuildConfiguration section */
		4BCB48CBB7CC382371B312FE /* Debug */ = {
			isa = XCBuildConfiguration;
			buildSettings = {
				ASSETCATALOG_COMPILER_APPICON_NAME = AppIcon;
				CODE_SIGN_IDENTITY = "iPhone Developer";
				INFOPLIST_KEY_UIApplicationSceneManifest_Generation = YES;
				INFOPLIST_KEY_UILaunchScreen_Generation = YES;
				INFOPLIST_KEY_UIStatusBarStyle = UIStatusBarStyleDefault;
				INFOPLIST_KEY_UISupportedInterfaceOrientations_iPad = "UIInterfaceOrientationPortrait UIInterfaceOrientationPortraitUpsideDown UIInterfaceOrientationLandscapeLeft UIInterfaceOrientationLandscapeRight";
				INFOPLIST_KEY_UISupportedInterfaceOrientations_iPhone = UIInterfaceOrientationPortrait;
				LD_RUNPATH_SEARCH_PATHS = (
					"$(inherited)",
					"@executable_path/Frameworks",
				);
				SDKROOT = iphoneos;
				TARGETED_DEVICE_FAMILY = "1,2";
			};
			name = Debug;
		};
		4FAE8EB92BEFFF840F25D0A9 /* Debug */ = {
			isa = XCBuildConfiguration;
			buildSettings = {
				ALWAYS_SEARCH_USER_PATHS = NO;
				CLANG_ANALYZER_NONNULL = YES;
				CLANG_ANALYZER_NUMBER_OBJECT_CONVERSION = YES_AGGRESSIVE;
				CLANG_CXX_LANGUAGE_STANDARD = "gnu++14";
				CLANG_CXX_LIBRARY = "libc++";
				CLANG_ENABLE_MODULES = YES;
				CLANG_ENABLE_OBJC_ARC = YES;
				CLANG_ENABLE_OBJC_WEAK = YES;
				CLANG_WARN_BLOCK_CAPTURE_AUTORELEASING = YES;
				CLANG_WARN_BOOL_CONVERSION = YES;
				CLANG_WARN_COMMA = YES;
				CLANG_WARN_CONSTANT_CONVERSION = YES;
				CLANG_WARN_DEPRECATED_OBJC_IMPLEMENTATIONS = YES;
				CLANG_WARN_DIRECT_OBJC_ISA_USAGE = YES_ERROR;
				CLANG_WARN_DOCUMENTATION_COMMENTS = YES;
				CLANG_WARN_EMPTY_BODY = YES;
				CLANG_WARN_ENUM_CONVERSION = YES;
				CLANG_WARN_INFINITE_RECURSION = YES;
				CLANG_WARN_INT_CONVERSION = YES;
				CLANG_WARN_NON_LITERAL_NULL_CONVERSION = YES;
				CLANG_WARN_OBJC_IMPLICIT_RETAIN_SELF = YES;
				CLANG_WARN_OBJC_LITERAL_CONVERSION = YES;
				CLANG_WARN_OBJC_ROOT_CLASS = YES_ERROR;
				CLANG_WARN_QUOTED_INCLUDE_IN_FRAMEWORK_HEADER = YES;
				CLANG_WARN_RANGE_LOOP_ANALYSIS = YES;
				CLANG_WARN_STRICT_PROTOTYPES = YES;
				CLANG_WARN_SUSPICIOUS_MOVE = YES;
				CLANG_WARN_UNGUARDED_AVAILABILITY = YES_AGGRESSIVE;
				CLANG_WARN_UNREACHABLE_CODE = YES;
				CLANG_WARN__DUPLICATE_METHOD_MATCH = YES;
				COPY_PHASE_STRIP = NO;
				CURRENT_PROJECT_VERSION = 1;
				DEBUG_INFORMATION_FORMAT = dwarf;
				ENABLE_STRICT_OBJC_MSGSEND = YES;
				ENABLE_TESTABILITY = YES;
				ENABLE_USER_SCRIPT_SANDBOXING = YES;
				GCC_C_LANGUAGE_STANDARD = gnu11;
				GCC_DYNAMIC_NO_PIC = NO;
				GCC_NO_COMMON_BLOCKS = YES;
				GCC_OPTIMIZATION_LEVEL = 0;
				GCC_PREPROCESSOR_DEFINITIONS = (
					"$(inherited)",
					"DEBUG=1",
				);
				GCC_WARN_64_TO_32_BIT_CONVERSION = YES;
				GCC_WARN_ABOUT_RETURN_TYPE = YES_ERROR;
				GCC_WARN_UNDECLARED_SELECTOR = YES;
				GCC_WARN_UNINITIALIZED_AUTOS = YES_AGGRESSIVE;
				GCC_WARN_UNUSED_FUNCTION = YES;
				GCC_WARN_UNUSED_VARIABLE = YES;
				GENERATE_INFOPLIST_FILE = YES;
				IPHONEOS_DEPLOYMENT_TARGET = 17.0;
				MARKETING_VERSION = 1.0;
				MTL_ENABLE_DEBUG_INFO = INCLUDE_SOURCE;
				MTL_FAST_MATH = YES;
				ONLY_ACTIVE_ARCH = YES;
				PRODUCT_BUNDLE_IDENTIFIER = com.mccoyale.athena;
				PRODUCT_NAME = "$(TARGET_NAME)";
				SDKROOT = iphoneos;
				STRING_CATALOG_GENERATE_SYMBOLS = YES;
				SWIFT_ACTIVE_COMPILATION_CONDITIONS = DEBUG;
				SWIFT_OPTIMIZATION_LEVEL = "-Onone";
				SWIFT_VERSION = 5.0;
			};
			name = Debug;
		};
		E52112C891B5F87F119133DB /* Release */ = {
			isa = XCBuildConfiguration;
			buildSettings = {
				ASSETCATALOG_COMPILER_APPICON_NAME = AppIcon;
				CODE_SIGN_IDENTITY = "iPhone Developer";
				INFOPLIST_KEY_UIApplicationSceneManifest_Generation = YES;
				INFOPLIST_KEY_UILaunchScreen_Generation = YES;
				INFOPLIST_KEY_UIStatusBarStyle = UIStatusBarStyleDefault;
				INFOPLIST_KEY_UISupportedInterfaceOrientations_iPad = "UIInterfaceOrientationPortrait UIInterfaceOrientationPortraitUpsideDown UIInterfaceOrientationLandscapeLeft UIInterfaceOrientationLandscapeRight";
				INFOPLIST_KEY_UISupportedInterfaceOrientations_iPhone = UIInterfaceOrientationPortrait;
				LD_RUNPATH_SEARCH_PATHS = (
					"$(inherited)",
					"@executable_path/Frameworks",
				);
				SDKROOT = iphoneos;
				TARGETED_DEVICE_FAMILY = "1,2";
			};
			name = Release;
		};
		F4F2DAC7DC3C3D91CD03B02E /* Release */ = {
			isa = XCBuildConfiguration;
			buildSettings = {
				ALWAYS_SEARCH_USER_PATHS = NO;
				CLANG_ANALYZER_NONNULL = YES;
				CLANG_ANALYZER_NUMBER_OBJECT_CONVERSION = YES_AGGRESSIVE;
				CLANG_CXX_LANGUAGE_STANDARD = "gnu++14";
				CLANG_CXX_LIBRARY = "libc++";
				CLANG_ENABLE_MODULES = YES;
				CLANG_ENABLE_OBJC_ARC = YES;
				CLANG_ENABLE_OBJC_WEAK = YES;
				CLANG_WARN_BLOCK_CAPTURE_AUTORELEASING = YES;
				CLANG_WARN_BOOL_CONVERSION = YES;
				CLANG_WARN_COMMA = YES;
				CLANG_WARN_CONSTANT_CONVERSION = YES;
				CLANG_WARN_DEPRECATED_OBJC_IMPLEMENTATIONS = YES;
				CLANG_WARN_DIRECT_OBJC_ISA_USAGE = YES_ERROR;
				CLANG_WARN_DOCUMENTATION_COMMENTS = YES;
				CLANG_WARN_EMPTY_BODY = YES;
				CLANG_WARN_ENUM_CONVERSION = YES;
				CLANG_WARN_INFINITE_RECURSION = YES;
				CLANG_WARN_INT_CONVERSION = YES;
				CLANG_WARN_NON_LITERAL_NULL_CONVERSION = YES;
				CLANG_WARN_OBJC_IMPLICIT_RETAIN_SELF = YES;
				CLANG_WARN_OBJC_LITERAL_CONVERSION = YES;
				CLANG_WARN_OBJC_ROOT_CLASS = YES_ERROR;
				CLANG_WARN_QUOTED_INCLUDE_IN_FRAMEWORK_HEADER = YES;
				CLANG_WARN_RANGE_LOOP_ANALYSIS = YES;
				CLANG_WARN_STRICT_PROTOTYPES = YES;
				CLANG_WARN_SUSPICIOUS_MOVE = YES;
				CLANG_WARN_UNGUARDED_AVAILABILITY = YES_AGGRESSIVE;
				CLANG_WARN_UNREACHABLE_CODE = YES;
				CLANG_WARN__DUPLICATE_METHOD_MATCH = YES;
				COPY_PHASE_STRIP = NO;
				CURRENT_PROJECT_VERSION = 1;
				DEBUG_INFORMATION_FORMAT = "dwarf-with-dsym";
				ENABLE_NS_ASSERTIONS = NO;
				ENABLE_STRICT_OBJC_MSGSEND = YES;
				ENABLE_USER_SCRIPT_SANDBOXING = YES;
				GCC_C_LANGUAGE_STANDARD = gnu11;
				GCC_NO_COMMON_BLOCKS = YES;
				GCC_WARN_64_TO_32_BIT_CONVERSION = YES;
				GCC_WARN_ABOUT_RETURN_TYPE = YES_ERROR;
				GCC_WARN_UNDECLARED_SELECTOR = YES;
				GCC_WARN_UNINITIALIZED_AUTOS = YES_AGGRESSIVE;
				GCC_WARN_UNUSED_FUNCTION = YES;
				GCC_WARN_UNUSED_VARIABLE = YES;
				GENERATE_INFOPLIST_FILE = YES;
				IPHONEOS_DEPLOYMENT_TARGET = 17.0;
				MARKETING_VERSION = 1.0;
				MTL_ENABLE_DEBUG_INFO = NO;
				MTL_FAST_MATH = YES;
				PRODUCT_BUNDLE_IDENTIFIER = com.mccoyale.athena;
				PRODUCT_NAME = "$(TARGET_NAME)";
				SDKROOT = iphoneos;
				STRING_CATALOG_GENERATE_SYMBOLS = YES;
				SWIFT_COMPILATION_MODE = wholemodule;
				SWIFT_OPTIMIZATION_LEVEL = "-O";
				SWIFT_VERSION = 5.0;
			};
			name = Release;
		};
/* End XCBuildConfiguration section */

/* Begin XCConfigurationList section */
		3CCEC35698F62A6204634E73 /* Build configuration list for PBXProject "Athena" */ = {
			isa = XCConfigurationList;
			buildConfigurations = (
				4FAE8EB92BEFFF840F25D0A9 /* Debug */,
				F4F2DAC7DC3C3D91CD03B02E /* Release */,
			);
			defaultConfigurationIsVisible = 0;
			defaultConfigurationName = Debug;
		};
		770A8C04BC76E739933549DF /* Build configuration list for PBXNativeTarget "Athena" */ = {
			isa = XCConfigurationList;
			buildConfigurations = (
				4BCB48CBB7CC382371B312FE /* Debug */,
				E52112C891B5F87F119133DB /* Release */,
			);
			defaultConfigurationIsVisible = 0;
			defaultConfigurationName = Debug;
		};
/* End XCConfigurationList section */
	};
	rootObject = 4A0D29D9C242B20A32775B53 /* Project object */;
}
